
Microsoft Visual Studio Solution File, Format Version 12.00
# Visual Studio Version 17
VisualStudioVersion = 17.8.34511.84
MinimumVisualStudioVersion = 10.0.40219.1
Project("{FAE04EC0-301F-11D3-BF4B-00C04F79EFBC}") = "TexasHoldem", "TexasHoldem\TexasHoldem.csproj", "{A0008BB3-848D-4054-8F51-1866734630D6}"
EndProject
Project("{FAE04EC0-301F-11D3-BF4B-00C04F79EFBC}") = "TexasHoldem.Specs", "TexasHoldem.Specs\TexasHoldem.Specs.csproj", "{A7F8288E-2FA7-493C-AC5A-F08B0CB5DF0C}"
EndProject
Global
	GlobalSection(SolutionConfigurationPlatforms) = preSolution
		Debug|Any CPU = Debug|Any CPU
		Release|Any CPU = Release|Any CPU
	EndGlobalSection
	GlobalSection(ProjectConfigurationPlatforms) = postSolution
		{A0008BB3-848D-4054-8F51-1866734630D6}.Debug|Any CPU.ActiveCfg = Debug|Any CPU
		{A0008BB3-848D-4054-8F51-1866734630D6}.Debug|Any CPU.Build.0 = Debug|Any CPU
		{A0008BB3-848D-4054-8F51-1866734630D6}.Release|Any CPU.ActiveCfg = Release|Any CPU
		{A0008BB3-848D-4054-8F51-1866734630D6}.Release|Any CPU.Build.0 = Release|Any CPU
		{A7F8288E-2FA7-493C-AC5A-F08B0CB5DF0C}.Debug|Any CPU.ActiveCfg = Debug|Any CPU
		{A7F8288E-2FA7-493C-AC5A-F08B0CB5DF0C}.Debug|Any CPU.Build.0 = Debug|Any CPU
		{A7F8288E-2FA7-493C-AC5A-F08B0CB5DF0C}.Release|Any CPU.ActiveCfg = Release|Any CPU
		{A7F8288E-2FA7-493C-AC5A-F08B0CB5DF0C}.Release|Any CPU.Build.0 = Release|Any CPU
	EndGlobalSection
	GlobalSection(SolutionProperties) = preSolution
		HideSolutionNode = FALSE
	EndGlobalSection
	GlobalSection(ExtensibilityGlobals) = postSolution
		SolutionGuid = {37975E48-6179-4F1A-BB6D-8E3975F6C5A4}
	EndGlobalSection
EndGlobal
